
Microsoft Visual Studio Solution File, Format Version 12.00
# Visual Studio Version 17
VisualStudioVersion = 17.3.32922.545
MinimumVisualStudioVersion = 10.0.40219.1
Project("{9A19103F-16F7-4668-BE54-9A1E7A4F7556}") = "Ailinea", "Ailinea\Ailinea.csproj", "{6C7440B1-3A2C-4C1D-8718-1EE5F8434970}"
EndProject
Project("{2150E333-8FDC-42A3-9474-1A3956D46DE8}") = "Solution Items", "Solution Items", "{2132ADF0-2363-4A95-A595-56BADE66C81F}"
	ProjectSection(SolutionItems) = preProject
		README.md = README.md
	EndProjectSection
EndProject
Global
	GlobalSection(SolutionConfigurationPlatforms) = preSolution
		Debug|Any CPU = Debug|Any CPU
		Release|Any CPU = Release|Any CPU
	EndGlobalSection
	GlobalSection(ProjectConfigurationPlatforms) = postSolution
		{6C7440B1-3A2C-4C1D-8718-1EE5F8434970}.Debug|Any CPU.ActiveCfg = Debug|Any CPU
		{6C7440B1-3A2C-4C1D-8718-1EE5F8434970}.Debug|Any CPU.Build.0 = Debug|Any CPU
		{6C7440B1-3A2C-4C1D-8718-1EE5F8434970}.Release|Any CPU.ActiveCfg = Release|Any CPU
		{6C7440B1-3A2C-4C1D-8718-1EE5F8434970}.Release|Any CPU.Build.0 = Release|Any CPU
	EndGlobalSection
	GlobalSection(SolutionProperties) = preSolution
		HideSolutionNode = FALSE
	EndGlobalSection
	GlobalSection(ExtensibilityGlobals) = postSolution
		SolutionGuid = {36A04B6E-22F5-4479-9614-5AF1315495B8}
	EndGlobalSection
EndGlobal
